// !$*UTF8*$!
{
	archiveVersion = 1;
	classes = {
	};
	objectVersion = 50;
	objects = {

/* Begin PBXBuildFile section */
		71EC773025038E0F0069E853 /* AppDelegate.swift in Sources */ = {isa = PBXBuildFile; fileRef = 71EC772F25038E0F0069E853 /* AppDelegate.swift */; };
		71EC773225038E0F0069E853 /* SceneDelegate.swift in Sources */ = {isa = PBXBuildFile; fileRef = 71EC773125038E0F0069E853 /* SceneDelegate.swift */; };
		71EC773425038E0F0069E853 /* ViewController.swift in Sources */ = {isa = PBXBuildFile; fileRef = 71EC773325038E0F0069E853 /* ViewController.swift */; };
		71EC773725038E0F0069E853 /* Main.storyboard in Resources */ = {isa = PBXBuildFile; fileRef = 71EC773525038E0F0069E853 /* Main.storyboard */; };
		71EC773925038E100069E853 /* Assets.xcassets in Resources */ = {isa = PBXBuildFile; fileRef = 71EC773825038E100069E853 /* Assets.xcassets */; };
		71EC773C25038E100069E853 /* LaunchScreen.storyboard in Resources */ = {isa = PBXBuildFile; fileRef = 71EC773A25038E100069E853 /* LaunchScreen.storyboard */; };
		71EC774725038E100069E853 /* GithubTestTests.swift in Sources */ = {isa = PBXBuildFile; fileRef = 71EC774625038E100069E853 /* GithubTestTests.swift */; };
		71EC775225038E100069E853 /* GithubTestUITests.swift in Sources */ = {isa = PBXBuildFile; fileRef = 71EC775125038E100069E853 /* GithubTestUITests.swift */; };
/* End PBXBuildFile section */

/* Begin PBXContainerItemProxy section */
		71EC774325038E100069E853 /* PBXContainerItemProxy */ = {
			isa = PBXContainerItemProxy;
			containerPortal = 71EC772425038E0F0069E853 /* Project object */;
			proxyType = 1;
			remoteGlobalIDString = 71EC772B25038E0F0069E853;
			remoteInfo = GithubTest;
		};
		71EC774E25038E100069E853 /* PBXContainerItemProxy */ = {
			isa = PBXContainerItemProxy;
			containerPortal = 71EC772425038E0F0069E853 /* Project object */;
			proxyType = 1;
			remoteGlobalIDString = 71EC772B25038E0F0069E853;
			remoteInfo = GithubTest;
		};
/* End PBXContainerItemProxy section */

/* Begin PBXFileReference section */
		71EC772C25038E0F0069E853 /* GithubTest.app */ = {isa = PBXFileReference; explicitFileType = wrapper.application; includeInIndex = 0; path = GithubTest.app; sourceTree = BUILT_PRODUCTS_DIR; };
		71EC772F25038E0F0069E853 /* AppDelegate.swift */ = {isa = PBXFileReference; lastKnownFileType = sourcecode.swift; path = AppDelegate.swift; sourceTree = "<group>"; };
		71EC773125038E0F0069E853 /* SceneDelegate.swift */ = {isa = PBXFileReference; lastKnownFileType = sourcecode.swift; path = SceneDelegate.swift; sourceTree = "<group>"; };
		71EC773325038E0F0069E853 /* ViewController.swift */ = {isa = PBXFileReference; lastKnownFileType = sourcecode.swift; path = ViewController.swift; sourceTree = "<group>"; };
		71EC773625038E0F0069E853 /* Base */ = {isa = PBXFileReference; lastKnownFileType = file.storyboard; name = Base; path = Base.lproj/Main.storyboard; sourceTree = "<group>"; };
		71EC773825038E100069E853 /* Assets.xcassets */ = {isa = PBXFileReference; lastKnownFileType = folder.assetcatalog; path = Assets.xcassets; sourceTree = "<group>"; };
		71EC773B25038E100069E853 /* Base */ = {isa = PBXFileReference; lastKnownFileType = file.storyboard; name = Base; path = Base.lproj/LaunchScreen.storyboard; sourceTree = "<group>"; };
		71EC773D25038E100069E853 /* Info.plist */ = {isa = PBXFileReference; lastKnownFileType = text.plist.xml; path = Info.plist; sourceTree = "<group>"; };
		71EC774225038E100069E853 /* GithubTestTests.xctest */ = {isa = PBXFileReference; explicitFileType = wrapper.cfbundle; includeInIndex = 0; path = GithubTestTests.xctest; sourceTree = BUILT_PRODUCTS_DIR; };
		71EC774625038E100069E853 /* GithubTestTests.swift */ = {isa = PBXFileReference; lastKnownFileType = sourcecode.swift; path = GithubTestTests.swift; sourceTree = "<group>"; };
		71EC774825038E100069E853 /* Info.plist */ = {isa = PBXFileReference; lastKnownFileType = text.plist.xml; path = Info.plist; sourceTree = "<group>"; };
		71EC774D25038E100069E853 /* GithubTestUITests.xctest */ = {isa = PBXFileReference; explicitFileType = wrapper.cfbundle; includeInIndex = 0; path = GithubTestUITests.xctest; sourceTree = BUILT_PRODUCTS_DIR; };
		71EC775125038E100069E853 /* GithubTestUITests.swift */ = {isa = PBXFileReference; lastKnownFileType = sourcecode.swift; path = GithubTestUITests.swift; sourceTree = "<group>"; };
		71EC775325038E100069E853 /* Info.plist */ = {isa = PBXFileReference; lastKnownFileType = text.plist.xml; path = Info.plist; sourceTree = "<group>"; };
/* End PBXFileReference section */

/* Begin PBXFrameworksBuildPhase section */
		71EC772925038E0F0069E853 /* Frameworks */ = {
			isa = PBXFrameworksBuildPhase;
			buildActionMask = 2147483647;
			files = (
			);
			runOnlyForDeploymentPostprocessing = 0;
		};
		71EC773F25038E100069E853 /* Frameworks */ = {
			isa = PBXFrameworksBuildPhase;
			buildActionMask = 2147483647;
			files = (
			);
			runOnlyForDeploymentPostprocessing = 0;
		};
		71EC774A25038E100069E853 /* Frameworks */ = {
			isa = PBXFrameworksBuildPhase;
			buildActionMask = 2147483647;
			files = (
			);
			runOnlyForDeploymentPostprocessing = 0;
		};
/* End PBXFrameworksBuildPhase section */

/* Begin PBXGroup section */
		71EC772325038E0F0069E853 = {
			isa = PBXGroup;
			children = (
				71EC772E25038E0F0069E853 /* GithubTest */,
				71EC774525038E100069E853 /* GithubTestTests */,
				71EC775025038E100069E853 /* GithubTestUITests */,
				71EC772D25038E0F0069E853 /* Products */,
			);
			sourceTree = "<group>";
		};
		71EC772D25038E0F0069E853 /* Products */ = {
			isa = PBXGroup;
			children = (
				71EC772C25038E0F0069E853 /* GithubTest.app */,
				71EC774225038E100069E853 /* GithubTestTests.xctest */,
				71EC774D25038E100069E853 /* GithubTestUITests.xctest */,
			);
			name = Products;
			sourceTree = "<group>";
		};
		71EC772E25038E0F0069E853 /* GithubTest */ = {
			isa = PBXGroup;
			children = (
				71EC772F25038E0F0069E853 /* AppDelegate.swift */,
				71EC773125038E0F0069E853 /* SceneDelegate.swift */,
				71EC773325038E0F0069E853 /* ViewController.swift */,
				71EC773525038E0F0069E853 /* Main.storyboard */,
				71EC773825038E100069E853 /* Assets.xcassets */,
				71EC773A25038E100069E853 /* LaunchScreen.storyboard */,
				71EC773D25038E100069E853 /* Info.plist */,
			);
			path = GithubTest;
			sourceTree = "<group>";
		};
		71EC774525038E100069E853 /* GithubTestTests */ = {
			isa = PBXGroup;
			children = (
				71EC774625038E100069E853 /* GithubTestTests.swift */,
				71EC774825038E100069E853 /* Info.plist */,
			);
			path = GithubTestTests;
			sourceTree = "<group>";
		};
		71EC775025038E100069E853 /* GithubTestUITests */ = {
			isa = PBXGroup;
			children = (
				71EC775125038E100069E853 /* GithubTestUITests.swift */,
				71EC775325038E100069E853 /* Info.plist */,
			);
			path = GithubTestUITests;
			sourceTree = "<group>";
		};
/* End PBXGroup section */

/* Begin PBXNativeTarget section */
		71EC772B25038E0F0069E853 /* GithubTest */ = {
			isa = PBXNativeTarget;
			buildConfigurationList = 71EC775625038E100069E853 /* Build configuration list for PBXNativeTarget "GithubTest" */;
			buildPhases = (
				71EC772825038E0F0069E853 /* Sources */,
				71EC772925038E0F0069E853 /* Frameworks */,
				71EC772A25038E0F0069E853 /* Resources */,
			);
			buildRules = (
			);
			dependencies = (
			);
			name = GithubTest;
			productName = GithubTest;
			productReference = 71EC772C25038E0F0069E853 /* GithubTest.app */;
			productType = "com.apple.product-type.application";
		};
		71EC774125038E100069E853 /* GithubTestTests */ = {
			isa = PBXNativeTarget;
			buildConfigurationList = 71EC775925038E100069E853 /* Build configuration list for PBXNativeTarget "GithubTestTests" */;
			buildPhases = (
				71EC773E25038E100069E853 /* Sources */,
				71EC773F25038E100069E853 /* Frameworks */,
				71EC774025038E100069E853 /* Resources */,
			);
			buildRules = (
			);
			dependencies = (
				71EC774425038E100069E853 /* PBXTargetDependency */,
			);
			name = GithubTestTests;
			productName = GithubTestTests;
			productReference = 71EC774225038E100069E853 /* GithubTestTests.xctest */;
			productType = "com.apple.product-type.bundle.unit-test";
		};
		71EC774C25038E100069E853 /* GithubTestUITests */ = {
			isa = PBXNativeTarget;
			buildConfigurationList = 71EC775C25038E100069E853 /* Build configuration list for PBXNativeTarget "GithubTestUITests" */;
			buildPhases = (
				71EC774925038E100069E853 /* Sources */,
				71EC774A25038E100069E853 /* Frameworks */,
				71EC774B25038E100069E853 /* Resources */,
			);
			buildRules = (
			);
			dependencies = (
				71EC774F25038E100069E853 /* PBXTargetDependency */,
			);
			name = GithubTestUITests;
			productName = GithubTestUITests;
			productReference = 71EC774D25038E100069E853 /* GithubTestUITests.xctest */;
			productType = "com.apple.product-type.bundle.ui-testing";
		};
/* End PBXNativeTarget section */

/* Begin PBXProject section */
		71EC772425038E0F0069E853 /* Project object */ = {
			isa = PBXProject;
			attributes = {
				LastSwiftUpdateCheck = 1170;
				LastUpgradeCheck = 1170;
				ORGANIZATIONNAME = "Tomoya Tanaka";
				TargetAttributes = {
					71EC772B25038E0F0069E853 = {
						CreatedOnToolsVersion = 11.7;
					};
					71EC774125038E100069E853 = {
						CreatedOnToolsVersion = 11.7;
						TestTargetID = 71EC772B25038E0F0069E853;
					};
					71EC774C25038E100069E853 = {
						CreatedOnToolsVersion = 11.7;
						TestTargetID = 71EC772B25038E0F0069E853;
					};
				};
			};
			buildConfigurationList = 71EC772725038E0F0069E853 /* Build configuration list for PBXProject "GithubTest" */;
			compatibilityVersion = "Xcode 9.3";
			developmentRegion = en;
			hasScannedForEncodings = 0;
			knownRegions = (
				en,
				Base,
			);
			mainGroup = 71EC772325038E0F0069E853;
			productRefGroup = 71EC772D25038E0F0069E853 /* Products */;
			projectDirPath = "";
			projectRoot = "";
			targets = (
				71EC772B25038E0F0069E853 /* GithubTest */,
				71EC774125038E100069E853 /* GithubTestTests */,
				71EC774C25038E100069E853 /* GithubTestUITests */,
			);
		};
/* End PBXProject section */

/* Begin PBXResourcesBuildPhase section */
		71EC772A25038E0F0069E853 /* Resources */ = {
			isa = PBXResourcesBuildPhase;
			buildActionMask = 2147483647;
			files = (
				71EC773C25038E100069E853 /* LaunchScreen.storyboard in Resources */,
				71EC773925038E100069E853 /* Assets.xcassets in Resources */,
				71EC773725038E0F0069E853 /* Main.storyboard in Resources */,
			);
			runOnlyForDeploymentPostprocessing = 0;
		};
		71EC774025038E100069E853 /* Resources */ = {
			isa = PBXResourcesBuildPhase;
			buildActionMask = 2147483647;
			files = (
			);
			runOnlyForDeploymentPostprocessing = 0;
		};
		71EC774B25038E100069E853 /* Resources */ = {
			isa = PBXResourcesBuildPhase;
			buildActionMask = 2147483647;
			files = (
			);
			runOnlyForDeploymentPostprocessing = 0;
		};
/* End PBXResourcesBuildPhase section */

/* Begin PBXSourcesBuildPhase section */
		71EC772825038E0F0069E853 /* Sources */ = {
			isa = PBXSourcesBuildPhase;
			buildActionMask = 2147483647;
			files = (
				71EC773425038E0F0069E853 /* ViewController.swift in Sources */,
				71EC773025038E0F0069E853 /* AppDelegate.swift in Sources */,
				71EC773225038E0F0069E853 /* SceneDelegate.swift in Sources */,
			);
			runOnlyForDeploymentPostprocessing = 0;
		};
		71EC773E25038E100069E853 /* Sources */ = {
			isa = PBXSourcesBuildPhase;
			buildActionMask = 2147483647;
			files = (
				71EC774725038E100069E853 /* GithubTestTests.swift in Sources */,
			);
			runOnlyForDeploymentPostprocessing = 0;
		};
		71EC774925038E100069E853 /* Sources */ = {
			isa = PBXSourcesBuildPhase;
			buildActionMask = 2147483647;
			files = (
				71EC775225038E100069E853 /* GithubTestUITests.swift in Sources */,
			);
			runOnlyForDeploymentPostprocessing = 0;
		};
/* End PBXSourcesBuildPhase section */

/* Begin PBXTargetDependency section */
		71EC774425038E100069E853 /* PBXTargetDependency */ = {
			isa = PBXTargetDependency;
			target = 71EC772B25038E0F0069E853 /* GithubTest */;
			targetProxy = 71EC774325038E100069E853 /* PBXContainerItemProxy */;
		};
		71EC774F25038E100069E853 /* PBXTargetDependency */ = {
			isa = PBXTargetDependency;
			target = 71EC772B25038E0F0069E853 /* GithubTest */;
			targetProxy = 71EC774E25038E100069E853 /* PBXContainerItemProxy */;
		};
/* End PBXTargetDependency section */

/* Begin PBXVariantGroup section */
		71EC773525038E0F0069E853 /* Main.storyboard */ = {
			isa = PBXVariantGroup;
			children = (
				71EC773625038E0F0069E853 /* Base */,
			);
			name = Main.storyboard;
			sourceTree = "<group>";
		};
		71EC773A25038E100069E853 /* LaunchScreen.storyboard */ = {
			isa = PBXVariantGroup;
			children = (
				71EC773B25038E100069E853 /* Base */,
			);
			name = LaunchScreen.storyboard;
			sourceTree = "<group>";
		};
/* End PBXVariantGroup section */

/* Begin XCBuildConfiguration section */
		71EC775425038E100069E853 /* Debug */ = {
			isa = XCBuildConfiguration;
			buildSettings = {
				ALWAYS_SEARCH_USER_PATHS = NO;
				CLANG_ANALYZER_NONNULL = YES;
				CLANG_ANALYZER_NUMBER_OBJECT_CONVERSION = YES_AGGRESSIVE;
				CLANG_CXX_LANGUAGE_STANDARD = "gnu++14";
				CLANG_CXX_LIBRARY = "libc++";
				CLANG_ENABLE_MODULES = YES;
				CLANG_ENABLE_OBJC_ARC = YES;
				CLANG_ENABLE_OBJC_WEAK = YES;
				CLANG_WARN_BLOCK_CAPTURE_AUTORELEASING = YES;
				CLANG_WARN_BOOL_CONVERSION = YES;
				CLANG_WARN_COMMA = YES;
				CLANG_WARN_CONSTANT_CONVERSION = YES;
				CLANG_WARN_DEPRECATED_OBJC_IMPLEMENTATIONS = YES;
				CLANG_WARN_DIRECT_OBJC_ISA_USAGE = YES_ERROR;
				CLANG_WARN_DOCUMENTATION_COMMENTS = YES;
				CLANG_WARN_EMPTY_BODY = YES;
				CLANG_WARN_ENUM_CONVERSION = YES;
				CLANG_WARN_INFINITE_RECURSION = YES;
				CLANG_WARN_INT_CONVERSION = YES;
				CLANG_WARN_NON_LITERAL_NULL_CONVERSION = YES;
				CLANG_WARN_OBJC_IMPLICIT_RETAIN_SELF = YES;
				CLANG_WARN_OBJC_LITERAL_CONVERSION = YES;
				CLANG_WARN_OBJC_ROOT_CLASS = YES_ERROR;
				CLANG_WARN_RANGE_LOOP_ANALYSIS = YES;
				CLANG_WARN_STRICT_PROTOTYPES = YES;
				CLANG_WARN_SUSPICIOUS_MOVE = YES;
				CLANG_WARN_UNGUARDED_AVAILABILITY = YES_AGGRESSIVE;
				CLANG_WARN_UNREACHABLE_CODE = YES;
				CLANG_WARN__DUPLICATE_METHOD_MATCH = YES;
				COPY_PHASE_STRIP = NO;
				DEBUG_INFORMATION_FORMAT = dwarf;
				ENABLE_STRICT_OBJC_MSGSEND = YES;
				ENABLE_TESTABILITY = YES;
				GCC_C_LANGUAGE_STANDARD = gnu11;
				GCC_DYNAMIC_NO_PIC = NO;
				GCC_NO_COMMON_BLOCKS = YES;
				GCC_OPTIMIZATION_LEVEL = 0;
				GCC_PREPROCESSOR_DEFINITIONS = (
					"DEBUG=1",
					"$(inherited)",
				);
				GCC_WARN_64_TO_32_BIT_CONVERSION = YES;
				GCC_WARN_ABOUT_RETURN_TYPE = YES_ERROR;
				GCC_WARN_UNDECLARED_SELECTOR = YES;
				GCC_WARN_UNINITIALIZED_AUTOS = YES_AGGRESSIVE;
				GCC_WARN_UNUSED_FUNCTION = YES;
				GCC_WARN_UNUSED_VARIABLE = YES;
				IPHONEOS_DEPLOYMENT_TARGET = 13.7;
				MTL_ENABLE_DEBUG_INFO = INCLUDE_SOURCE;
				MTL_FAST_MATH = YES;
				ONLY_ACTIVE_ARCH = YES;
				SDKROOT = iphoneos;
				SWIFT_ACTIVE_COMPILATION_CONDITIONS = DEBUG;
				SWIFT_OPTIMIZATION_LEVEL = "-Onone";
			};
			name = Debug;
		};
		71EC775525038E100069E853 /* Release */ = {
			isa = XCBuildConfiguration;
			buildSettings = {
				ALWAYS_SEARCH_USER_PATHS = NO;
				CLANG_ANALYZER_NONNULL = YES;
				CLANG_ANALYZER_NUMBER_OBJECT_CONVERSION = YES_AGGRESSIVE;
				CLANG_CXX_LANGUAGE_STANDARD = "gnu++14";
				CLANG_CXX_LIBRARY = "libc++";
				CLANG_ENABLE_MODULES = YES;
				CLANG_ENABLE_OBJC_ARC = YES;
				CLANG_ENABLE_OBJC_WEAK = YES;
				CLANG_WARN_BLOCK_CAPTURE_AUTORELEASING = YES;
				CLANG_WARN_BOOL_CONVERSION = YES;
				CLANG_WARN_COMMA = YES;
				CLANG_WARN_CONSTANT_CONVERSION = YES;
				CLANG_WARN_DEPRECATED_OBJC_IMPLEMENTATIONS = YES;
				CLANG_WARN_DIRECT_OBJC_ISA_USAGE = YES_ERROR;
				CLANG_WARN_DOCUMENTATION_COMMENTS = YES;
				CLANG_WARN_EMPTY_BODY = YES;
				CLANG_WARN_ENUM_CONVERSION = YES;
				CLANG_WARN_INFINITE_RECURSION = YES;
				CLANG_WARN_INT_CONVERSION = YES;
				CLANG_WARN_NON_LITERAL_NULL_CONVERSION = YES;
				CLANG_WARN_OBJC_IMPLICIT_RETAIN_SELF = YES;
				CLANG_WARN_OBJC_LITERAL_CONVERSION = YES;
				CLANG_WARN_OBJC_ROOT_CLASS = YES_ERROR;
				CLANG_WARN_RANGE_LOOP_ANALYSIS = YES;
				CLANG_WARN_STRICT_PROTOTYPES = YES;
				CLANG_WARN_SUSPICIOUS_MOVE = YES;
				CLANG_WARN_UNGUARDED_AVAILABILITY = YES_AGGRESSIVE;
				CLANG_WARN_UNREACHABLE_CODE = YES;
				CLANG_WARN__DUPLICATE_METHOD_MATCH = YES;
				COPY_PHASE_STRIP = NO;
				DEBUG_INFORMATION_FORMAT = "dwarf-with-dsym";
				ENABLE_NS_ASSERTIONS = NO;
				ENABLE_STRICT_OBJC_MSGSEND = YES;
				GCC_C_LANGUAGE_STANDARD = gnu11;
				GCC_NO_COMMON_BLOCKS = YES;
				GCC_WARN_64_TO_32_BIT_CONVERSION = YES;
				GCC_WARN_ABOUT_RETURN_TYPE = YES_ERROR;
				GCC_WARN_UNDECLARED_SELECTOR = YES;
				GCC_WARN_UNINITIALIZED_AUTOS = YES_AGGRESSIVE;
				GCC_WARN_UNUSED_FUNCTION = YES;
				GCC_WARN_UNUSED_VARIABLE = YES;
				IPHONEOS_DEPLOYMENT_TARGET = 13.7;
				MTL_ENABLE_DEBUG_INFO = NO;
				MTL_FAST_MATH = YES;
				SDKROOT = iphoneos;
				SWIFT_COMPILATION_MODE = wholemodule;
				SWIFT_OPTIMIZATION_LEVEL = "-O";
				VALIDATE_PRODUCT = YES;
			};
			name = Release;
		};
		71EC775725038E100069E853 /* Debug */ = {
			isa = XCBuildConfiguration;
			buildSettings = {
				ASSETCATALOG_COMPILER_APPICON_NAME = AppIcon;
				CODE_SIGN_STYLE = Automatic;
				INFOPLIST_FILE = GithubTest/Info.plist;
				LD_RUNPATH_SEARCH_PATHS = (
					"$(inherited)",
					"@executable_path/Frameworks",
				);
				PRODUCT_BUNDLE_IDENTIFIER = com.tt.GithubTest;
				PRODUCT_NAME = "$(TARGET_NAME)";
				SWIFT_VERSION = 5.0;
				TARGETED_DEVICE_FAMILY = "1,2";
			};
			name = Debug;
		};
		71EC775825038E100069E853 /* Release */ = {
			isa = XCBuildConfiguration;
			buildSettings = {
				ASSETCATALOG_COMPILER_APPICON_NAME = AppIcon;
				CODE_SIGN_STYLE = Automatic;
				INFOPLIST_FILE = GithubTest/Info.plist;
				LD_RUNPATH_SEARCH_PATHS = (
					"$(inherited)",
					"@executable_path/Frameworks",
				);
				PRODUCT_BUNDLE_IDENTIFIER = com.tt.GithubTest;
				PRODUCT_NAME = "$(TARGET_NAME)";
				SWIFT_VERSION = 5.0;
				TARGETED_DEVICE_FAMILY = "1,2";
			};
			name = Release;
		};
		71EC775A25038E100069E853 /* Debug */ = {
			isa = XCBuildConfiguration;
			buildSettings = {
				ALWAYS_EMBED_SWIFT_STANDARD_LIBRARIES = YES;
				BUNDLE_LOADER = "$(TEST_HOST)";
				CODE_SIGN_STYLE = Automatic;
				INFOPLIST_FILE = GithubTestTests/Info.plist;
				IPHONEOS_DEPLOYMENT_TARGET = 13.7;
				LD_RUNPATH_SEARCH_PATHS = (
					"$(inherited)",
					"@executable_path/Frameworks",
					"@loader_path/Frameworks",
				);
				PRODUCT_BUNDLE_IDENTIFIER = com.tt.GithubTestTests;
				PRODUCT_NAME = "$(TARGET_NAME)";
				SWIFT_VERSION = 5.0;
				TARGETED_DEVICE_FAMILY = "1,2";
				TEST_HOST = "$(BUILT_PRODUCTS_DIR)/GithubTest.app/GithubTest";
			};
			name = Debug;
		};
		71EC775B25038E100069E853 /* Release */ = {
			isa = XCBuildConfiguration;
			buildSettings = {
				ALWAYS_EMBED_SWIFT_STANDARD_LIBRARIES = YES;
				BUNDLE_LOADER = "$(TEST_HOST)";
				CODE_SIGN_STYLE = Automatic;
				INFOPLIST_FILE = GithubTestTests/Info.plist;
				IPHONEOS_DEPLOYMENT_TARGET = 13.7;
				LD_RUNPATH_SEARCH_PATHS = (
					"$(inherited)",
					"@executable_path/Frameworks",
					"@loader_path/Frameworks",
				);
				PRODUCT_BUNDLE_IDENTIFIER = com.tt.GithubTestTests;
				PRODUCT_NAME = "$(TARGET_NAME)";
				SWIFT_VERSION = 5.0;
				TARGETED_DEVICE_FAMILY = "1,2";
				TEST_HOST = "$(BUILT_PRODUCTS_DIR)/GithubTest.app/GithubTest";
			};
			name = Release;
		};
		71EC775D25038E100069E853 /* Debug */ = {
			isa = XCBuildConfiguration;
			buildSettings = {
				ALWAYS_EMBED_SWIFT_STANDARD_LIBRARIES = YES;
				CODE_SIGN_STYLE = Automatic;
				INFOPLIST_FILE = GithubTestUITests/Info.plist;
				LD_RUNPATH_SEARCH_PATHS = (
					"$(inherited)",
					"@executable_path/Frameworks",
					"@loader_path/Frameworks",
				);
				PRODUCT_BUNDLE_IDENTIFIER = com.tt.GithubTestUITests;
				PRODUCT_NAME = "$(TARGET_NAME)";
				SWIFT_VERSION = 5.0;
				TARGETED_DEVICE_FAMILY = "1,2";
				TEST_TARGET_NAME = GithubTest;
			};
			name = Debug;
		};
		71EC775E25038E100069E853 /* Release */ = {
			isa = XCBuildConfiguration;
			buildSettings = {
				ALWAYS_EMBED_SWIFT_STANDARD_LIBRARIES = YES;
				CODE_SIGN_STYLE = Automatic;
				INFOPLIST_FILE = GithubTestUITests/Info.plist;
				LD_RUNPATH_SEARCH_PATHS = (
					"$(inherited)",
					"@executable_path/Frameworks",
					"@loader_path/Frameworks",
				);
				PRODUCT_BUNDLE_IDENTIFIER = com.tt.GithubTestUITests;
				PRODUCT_NAME = "$(TARGET_NAME)";
				SWIFT_VERSION = 5.0;
				TARGETED_DEVICE_FAMILY = "1,2";
				TEST_TARGET_NAME = GithubTest;
			};
			name = Release;
		};
/* End XCBuildConfiguration section */

/* Begin XCConfigurationList section */
		71EC772725038E0F0069E853 /* Build configuration list for PBXProject "GithubTest" */ = {
			isa = XCConfigurationList;
			buildConfigurations = (
				71EC775425038E100069E853 /* Debug */,
				71EC775525038E100069E853 /* Release */,
			);
			defaultConfigurationIsVisible = 0;
			defaultConfigurationName = Release;
		};
		71EC775625038E100069E853 /* Build configuration list for PBXNativeTarget "GithubTest" */ = {
			isa = XCConfigurationList;
			buildConfigurations = (
				71EC775725038E100069E853 /* Debug */,
				71EC775825038E100069E853 /* Release */,
			);
			defaultConfigurationIsVisible = 0;
			defaultConfigurationName = Release;
		};
		71EC775925038E100069E853 /* Build configuration list for PBXNativeTarget "GithubTestTests" */ = {
			isa = XCConfigurationList;
			buildConfigurations = (
				71EC775A25038E100069E853 /* Debug */,
				71EC775B25038E100069E853 /* Release */,
			);
			defaultConfigurationIsVisible = 0;
			defaultConfigurationName = Release;
		};
		71EC775C25038E100069E853 /* Build configuration list for PBXNativeTarget "GithubTestUITests" */ = {
			isa = XCConfigurationList;
			buildConfigurations = (
				71EC775D25038E100069E853 /* Debug */,
				71EC775E25038E100069E853 /* Release */,
			);
			defaultConfigurationIsVisible = 0;
			defaultConfigurationName = Release;
		};
/* End XCConfigurationList section */
	};
	rootObject = 71EC772425038E0F0069E853 /* Project object */;
}
